Microsoft Visual Studio Solution File, Format Version 8.00
Project("{8BC9CEB8-8B4A-11D0-8D11-00A0C91BC942}") = "winflock", "winflock.vcproj", "{60F4E436-B15A-48B3-A627-7C62A6C97C03}"
	ProjectSection(ProjectDependencies) = postProject
	EndProjectSection
EndProject
Global
	GlobalSection(SolutionConfiguration) = preSolution
		Debug = Debug
		Release = Release
	EndGlobalSection
	GlobalSection(ProjectConfiguration) = postSolution
		{60F4E436-B15A-48B3-A627-7C62A6C97C03}.Debug.ActiveCfg = Debug|Win32
		{60F4E436-B15A-48B3-A627-7C62A6C97C03}.Debug.Build.0 = Debug|Win32
		{60F4E436-B15A-48B3-A627-7C62A6C97C03}.Release.ActiveCfg = Release|Win32
		{60F4E436-B15A-48B3-A627-7C62A6C97C03}.Release.Build.0 = Release|Win32
	EndGlobalSection
	GlobalSection(ExtensibilityGlobals) = postSolution
	EndGlobalSection
	GlobalSection(ExtensibilityAddIns) = postSolution
	EndGlobalSection
EndGlobal
